
Microsoft Visual Studio Solution File, Format Version 11.00
# Visual Studio 2010
Project("{8BC9CEB8-8B4A-11D0-8D11-00A0C91BC942}") = "Frogger2", "Frogger2\Frogger2.vcxproj", "{A309146E-EC1E-4CE7-907F-A7E5AF90932B}"
EndProject
Global
	GlobalSection(SolutionConfigurationPlatforms) = preSolution
		Debug|Win32 = Debug|Win32
		Release|Win32 = Release|Win32
	EndGlobalSection
	GlobalSection(ProjectConfigurationPlatforms) = postSolution
		{A309146E-EC1E-4CE7-907F-A7E5AF90932B}.Debug|Win32.ActiveCfg = Debug|Win32
		{A309146E-EC1E-4CE7-907F-A7E5AF90932B}.Debug|Win32.Build.0 = Debug|Win32
		{A309146E-EC1E-4CE7-907F-A7E5AF90932B}.Release|Win32.ActiveCfg = Release|Win32
		{A309146E-EC1E-4CE7-907F-A7E5AF90932B}.Release|Win32.Build.0 = Release|Win32
	EndGlobalSection
	GlobalSection(SolutionProperties) = preSolution
		HideSolutionNode = FALSE
	EndGlobalSection
EndGlobal
